
Microsoft Visual Studio Solution File, Format Version 12.00
# Visual Studio Version 17
VisualStudioVersion = 17.11.35327.3
MinimumVisualStudioVersion = 10.0.40219.1
Project("{9A19103F-16F7-4668-BE54-9A1E7A4F7556}") = "RazorBlazorTemplate", "Template\RazorBlazorTemplate.csproj", "{637F0074-4074-4557-B4B0-660F6FE6A3F7}"
EndProject
Project("{9A19103F-16F7-4668-BE54-9A1E7A4F7556}") = "BlazorWebAppWithIdentity", "BlazorWebAppWithIdentity\BlazorWebAppWithIdentity.csproj", "{DB1D992C-A9A1-4F35-AC6C-EF0EA84AB8E2}"
EndProject
Project("{9A19103F-16F7-4668-BE54-9A1E7A4F7556}") = "Business", "Business\Business.csproj", "{54D107D8-5FF9-443F-B0DE-A4C695F6F00A}"
EndProject
Project("{9A19103F-16F7-4668-BE54-9A1E7A4F7556}") = "Core", "Core\Core.csproj", "{4F340E5D-089A-4EB1-9118-ED8A8B90C888}"
EndProject
Project("{9A19103F-16F7-4668-BE54-9A1E7A4F7556}") = "Dal", "Dal\Dal.csproj", "{5D931A1E-F4D9-40D5-ADEC-532D67B7A5E7}"
EndProject
Project("{9A19103F-16F7-4668-BE54-9A1E7A4F7556}") = "Middleware", "Middleware\Middleware.csproj", "{5DD97B9E-27CB-4CB7-9FB6-FD48D301178E}"
EndProject
Project("{FAE04EC0-301F-11D3-BF4B-00C04F79EFBC}") = "Configurations", "Configurations\Configurations.csproj", "{74ADF941-1144-4594-AC91-81390133AD39}"
EndProject
Global
	GlobalSection(SolutionConfigurationPlatforms) = preSolution
		Debug|Any CPU = Debug|Any CPU
		Release|Any CPU = Release|Any CPU
	EndGlobalSection
	GlobalSection(ProjectConfigurationPlatforms) = postSolution
		{637F0074-4074-4557-B4B0-660F6FE6A3F7}.Debug|Any CPU.ActiveCfg = Debug|Any CPU
		{637F0074-4074-4557-B4B0-660F6FE6A3F7}.Debug|Any CPU.Build.0 = Debug|Any CPU
		{637F0074-4074-4557-B4B0-660F6FE6A3F7}.Release|Any CPU.ActiveCfg = Release|Any CPU
		{637F0074-4074-4557-B4B0-660F6FE6A3F7}.Release|Any CPU.Build.0 = Release|Any CPU
		{DB1D992C-A9A1-4F35-AC6C-EF0EA84AB8E2}.Debug|Any CPU.ActiveCfg = Debug|Any CPU
		{DB1D992C-A9A1-4F35-AC6C-EF0EA84AB8E2}.Debug|Any CPU.Build.0 = Debug|Any CPU
		{DB1D992C-A9A1-4F35-AC6C-EF0EA84AB8E2}.Release|Any CPU.ActiveCfg = Release|Any CPU
		{DB1D992C-A9A1-4F35-AC6C-EF0EA84AB8E2}.Release|Any CPU.Build.0 = Release|Any CPU
		{54D107D8-5FF9-443F-B0DE-A4C695F6F00A}.Debug|Any CPU.ActiveCfg = Debug|Any CPU
		{54D107D8-5FF9-443F-B0DE-A4C695F6F00A}.Debug|Any CPU.Build.0 = Debug|Any CPU
		{54D107D8-5FF9-443F-B0DE-A4C695F6F00A}.Release|Any CPU.ActiveCfg = Release|Any CPU
		{54D107D8-5FF9-443F-B0DE-A4C695F6F00A}.Release|Any CPU.Build.0 = Release|Any CPU
		{4F340E5D-089A-4EB1-9118-ED8A8B90C888}.Debug|Any CPU.ActiveCfg = Debug|Any CPU
		{4F340E5D-089A-4EB1-9118-ED8A8B90C888}.Debug|Any CPU.Build.0 = Debug|Any CPU
		{4F340E5D-089A-4EB1-9118-ED8A8B90C888}.Release|Any CPU.ActiveCfg = Release|Any CPU
		{4F340E5D-089A-4EB1-9118-ED8A8B90C888}.Release|Any CPU.Build.0 = Release|Any CPU
		{5D931A1E-F4D9-40D5-ADEC-532D67B7A5E7}.Debug|Any CPU.ActiveCfg = Debug|Any CPU
		{5D931A1E-F4D9-40D5-ADEC-532D67B7A5E7}.Debug|Any CPU.Build.0 = Debug|Any CPU
		{5D931A1E-F4D9-40D5-ADEC-532D67B7A5E7}.Release|Any CPU.ActiveCfg = Release|Any CPU
		{5D931A1E-F4D9-40D5-ADEC-532D67B7A5E7}.Release|Any CPU.Build.0 = Release|Any CPU
		{5DD97B9E-27CB-4CB7-9FB6-FD48D301178E}.Debug|Any CPU.ActiveCfg = Debug|Any CPU
		{5DD97B9E-27CB-4CB7-9FB6-FD48D301178E}.Debug|Any CPU.Build.0 = Debug|Any CPU
		{5DD97B9E-27CB-4CB7-9FB6-FD48D301178E}.Release|Any CPU.ActiveCfg = Release|Any CPU
		{5DD97B9E-27CB-4CB7-9FB6-FD48D301178E}.Release|Any CPU.Build.0 = Release|Any CPU
		{74ADF941-1144-4594-AC91-81390133AD39}.Debug|Any CPU.ActiveCfg = Debug|Any CPU
		{74ADF941-1144-4594-AC91-81390133AD39}.Debug|Any CPU.Build.0 = Debug|Any CPU
		{74ADF941-1144-4594-AC91-81390133AD39}.Release|Any CPU.ActiveCfg = Release|Any CPU
		{74ADF941-1144-4594-AC91-81390133AD39}.Release|Any CPU.Build.0 = Release|Any CPU
	EndGlobalSection
	GlobalSection(SolutionProperties) = preSolution
		HideSolutionNode = FALSE
	EndGlobalSection
	GlobalSection(ExtensibilityGlobals) = postSolution
		SolutionGuid = {597CF759-5F12-403A-B17C-32E7A39A0971}
	EndGlobalSection
EndGlobal
